
Microsoft Visual Studio Solution File, Format Version 12.00
# Visual Studio Version 16
VisualStudioVersion = 16.0.30104.148
MinimumVisualStudioVersion = 10.0.40219.1
Project("{FAE04EC0-301F-11D3-BF4B-00C04F79EFBC}") = "angular-unity-netcore", "angular-unity-netcore\angular-unity-netcore.csproj", "{F6B9768F-FF5D-4FD4-8B08-3E4B9E1441E9}"
EndProject
Global
	GlobalSection(SolutionConfigurationPlatforms) = preSolution
		Debug|Any CPU = Debug|Any CPU
		Release|Any CPU = Release|Any CPU
	EndGlobalSection
	GlobalSection(ProjectConfigurationPlatforms) = postSolution
		{F6B9768F-FF5D-4FD4-8B08-3E4B9E1441E9}.Debug|Any CPU.ActiveCfg = Debug|Any CPU
		{F6B9768F-FF5D-4FD4-8B08-3E4B9E1441E9}.Debug|Any CPU.Build.0 = Debug|Any CPU
		{F6B9768F-FF5D-4FD4-8B08-3E4B9E1441E9}.Release|Any CPU.ActiveCfg = Release|Any CPU
		{F6B9768F-FF5D-4FD4-8B08-3E4B9E1441E9}.Release|Any CPU.Build.0 = Release|Any CPU
	EndGlobalSection
	GlobalSection(SolutionProperties) = preSolution
		HideSolutionNode = FALSE
	EndGlobalSection
	GlobalSection(ExtensibilityGlobals) = postSolution
		SolutionGuid = {A1C35D82-8050-4009-916F-F1EBD1B4EA82}
	EndGlobalSection
EndGlobal
